
Microsoft Visual Studio Solution File, Format Version 12.00
Project("{FAE04EC0-301F-11D3-BF4B-00C04F79EFBC}") = "CrystalHarness", "CrystalHarness\CrystalHarness.csproj", "{BB94ACAC-BC6A-4EF9-99C9-B9C633D6EAF7}"
EndProject
Project("{FAE04EC0-301F-11D3-BF4B-00C04F79EFBC}") = "CrystalHarness.Providers", "CrystalHarness.Providers\CrystalHarness.Providers.csproj", "{21FB8F12-7BB6-42B3-9DE1-C708B71A7CAE}"
EndProject
Project("{FAE04EC0-301F-11D3-BF4B-00C04F79EFBC}") = "CrystalHarness.Tests", "CrystalHarness.Tests\CrystalHarness.Tests.csproj", "{2539ED50-AA91-4FCA-9CEE-1FAF8D8826CD}"
EndProject
Project("{FAE04EC0-301F-11D3-BF4B-00C04F79EFBC}") = "CrystalHarness.Providers.Tests", "CrystalHarness.Providers.Tests\CrystalHarness.Providers.Tests.csproj", "{7BB2471E-FD2F-44FC-98E0-386C445D2EBD}"
EndProject
Project("{FAE04EC0-301F-11D3-BF4B-00C04F79EFBC}") = "CrystalHarness.Display", "CrystalHarness.Display\CrystalHarness.Display.csproj", "{9DCEC090-631A-401F-ABDE-54D289B7BAAC}"
EndProject
Project("{FAE04EC0-301F-11D3-BF4B-00C04F79EFBC}") = "CrystalHarness.Display.Tests", "CrystalHarness.Display.Tests\CrystalHarness.Display.Tests.csproj", "{38D2BE26-FFAD-4220-943C-1FDE7905967A}"
EndProject
Global
	GlobalSection(SolutionConfigurationPlatforms) = preSolution
		Debug|Any CPU = Debug|Any CPU
		Debug|x64 = Debug|x64
		Debug|x86 = Debug|x86
		Release|Any CPU = Release|Any CPU
		Release|x64 = Release|x64
		Release|x86 = Release|x86
	EndGlobalSection
	GlobalSection(ProjectConfigurationPlatforms) = postSolution
		{BB94ACAC-BC6A-4EF9-99C9-B9C633D6EAF7}.Debug|Any CPU.ActiveCfg = Debug|Any CPU
		{BB94ACAC-BC6A-4EF9-99C9-B9C633D6EAF7}.Debug|Any CPU.Build.0 = Debug|Any CPU
		{BB94ACAC-BC6A-4EF9-99C9-B9C633D6EAF7}.Debug|x64.ActiveCfg = Debug|Any CPU
		{BB94ACAC-BC6A-4EF9-99C9-B9C633D6EAF7}.Debug|x64.Build.0 = Debug|Any CPU
		{BB94ACAC-BC6A-4EF9-99C9-B9C633D6EAF7}.Debug|x86.ActiveCfg = Debug|Any CPU
		{BB94ACAC-BC6A-4EF9-99C9-B9C633D6EAF7}.Debug|x86.Build.0 = Debug|Any CPU
		{BB94ACAC-BC6A-4EF9-99C9-B9C633D6EAF7}.Release|Any CPU.ActiveCfg = Release|Any CPU
		{BB94ACAC-BC6A-4EF9-99C9-B9C633D6EAF7}.Release|Any CPU.Build.0 = Release|Any CPU
		{BB94ACAC-BC6A-4EF9-99C9-B9C633D6EAF7}.Release|x64.ActiveCfg = Release|Any CPU
		{BB94ACAC-BC6A-4EF9-99C9-B9C633D6EAF7}.Release|x64.Build.0 = Release|Any CPU
		{BB94ACAC-BC6A-4EF9-99C9-B9C633D6EAF7}.Release|x86.ActiveCfg = Release|Any CPU
		{BB94ACAC-BC6A-4EF9-99C9-B9C633D6EAF7}.Release|x86.Build.0 = Release|Any CPU
		{21FB8F12-7BB6-42B3-9DE1-C708B71A7CAE}.Debug|Any CPU.ActiveCfg = Debug|Any CPU
		{21FB8F12-7BB6-42B3-9DE1-C708B71A7CAE}.Debug|Any CPU.Build.0 = Debug|Any CPU
		{21FB8F12-7BB6-42B3-9DE1-C708B71A7CAE}.Debug|x64.ActiveCfg = Debug|Any CPU
		{21FB8F12-7BB6-42B3-9DE1-C708B71A7CAE}.Debug|x64.Build.0 = Debug|Any CPU
		{21FB8F12-7BB6-42B3-9DE1-C708B71A7CAE}.Debug|x86.ActiveCfg = Debug|Any CPU
		{21FB8F12-7BB6-42B3-9DE1-C708B71A7CAE}.Debug|x86.Build.0 = Debug|Any CPU
		{21FB8F12-7BB6-42B3-9DE1-C708B71A7CAE}.Release|Any CPU.ActiveCfg = Release|Any CPU
		{21FB8F12-7BB6-42B3-9DE1-C708B71A7CAE}.Release|Any CPU.Build.0 = Release|Any CPU
		{21FB8F12-7BB6-42B3-9DE1-C708B71A7CAE}.Release|x64.ActiveCfg = Release|Any CPU
		{21FB8F12-7BB6-42B3-9DE1-C708B71A7CAE}.Release|x64.Build.0 = Release|Any CPU
		{21FB8F12-7BB6-42B3-9DE1-C708B71A7CAE}.Release|x86.ActiveCfg = Release|Any CPU
		{21FB8F12-7BB6-42B3-9DE1-C708B71A7CAE}.Release|x86.Build.0 = Release|Any CPU
		{2539ED50-AA91-4FCA-9CEE-1FAF8D8826CD}.Debug|Any CPU.ActiveCfg = Debug|Any CPU
		{2539ED50-AA91-4FCA-9CEE-1FAF8D8826CD}.Debug|Any CPU.Build.0 = Debug|Any CPU
		{2539ED50-AA91-4FCA-9CEE-1FAF8D8826CD}.Debug|x64.ActiveCfg = Debug|Any CPU
		{2539ED50-AA91-4FCA-9CEE-1FAF8D8826CD}.Debug|x64.Build.0 = Debug|Any CPU
		{2539ED50-AA91-4FCA-9CEE-1FAF8D8826CD}.Debug|x86.ActiveCfg = Debug|Any CPU
		{2539ED50-AA91-4FCA-9CEE-1FAF8D8826CD}.Debug|x86.Build.0 = Debug|Any CPU
		{2539ED50-AA91-4FCA-9CEE-1FAF8D8826CD}.Release|Any CPU.ActiveCfg = Release|Any CPU
		{2539ED50-AA91-4FCA-9CEE-1FAF8D8826CD}.Release|Any CPU.Build.0 = Release|Any CPU
		{2539ED50-AA91-4FCA-9CEE-1FAF8D8826CD}.Release|x64.ActiveCfg = Release|Any CPU
		{2539ED50-AA91-4FCA-9CEE-1FAF8D8826CD}.Release|x64.Build.0 = Release|Any CPU
		{2539ED50-AA91-4FCA-9CEE-1FAF8D8826CD}.Release|x86.ActiveCfg = Release|Any CPU
		{2539ED50-AA91-4FCA-9CEE-1FAF8D8826CD}.Release|x86.Build.0 = Release|Any CPU
		{7BB2471E-FD2F-44FC-98E0-386C445D2EBD}.Debug|Any CPU.ActiveCfg = Debug|Any CPU
		{7BB2471E-FD2F-44FC-98E0-386C445D2EBD}.Debug|Any CPU.Build.0 = Debug|Any CPU
		{7BB2471E-FD2F-44FC-98E0-386C445D2EBD}.Debug|x64.ActiveCfg = Debug|Any CPU
		{7BB2471E-FD2F-44FC-98E0-386C445D2EBD}.Debug|x64.Build.0 = Debug|Any CPU
		{7BB2471E-FD2F-44FC-98E0-386C445D2EBD}.Debug|x86.ActiveCfg = Debug|Any CPU
		{7BB2471E-FD2F-44FC-98E0-386C445D2EBD}.Debug|x86.Build.0 = Debug|Any CPU
		{7BB2471E-FD2F-44FC-98E0-386C445D2EBD}.Release|Any CPU.ActiveCfg = Release|Any CPU
		{7BB2471E-FD2F-44FC-98E0-386C445D2EBD}.Release|Any CPU.Build.0 = Release|Any CPU
		{7BB2471E-FD2F-44FC-98E0-386C445D2EBD}.Release|x64.ActiveCfg = Release|Any CPU
		{7BB2471E-FD2F-44FC-98E0-386C445D2EBD}.Release|x64.Build.0 = Release|Any CPU
		{7BB2471E-FD2F-44FC-98E0-386C445D2EBD}.Release|x86.ActiveCfg = Release|Any CPU
		{7BB2471E-FD2F-44FC-98E0-386C445D2EBD}.Release|x86.Build.0 = Release|Any CPU
		{9DCEC090-631A-401F-ABDE-54D289B7BAAC}.Debug|Any CPU.ActiveCfg = Debug|Any CPU
		{9DCEC090-631A-401F-ABDE-54D289B7BAAC}.Debug|Any CPU.Build.0 = Debug|Any CPU
		{9DCEC090-631A-401F-ABDE-54D289B7BAAC}.Debug|x64.ActiveCfg = Debug|Any CPU
		{9DCEC090-631A-401F-ABDE-54D289B7BAAC}.Debug|x64.Build.0 = Debug|Any CPU
		{9DCEC090-631A-401F-ABDE-54D289B7BAAC}.Debug|x86.ActiveCfg = Debug|Any CPU
		{9DCEC090-631A-401F-ABDE-54D289B7BAAC}.Debug|x86.Build.0 = Debug|Any CPU
		{9DCEC090-631A-401F-ABDE-54D289B7BAAC}.Release|Any CPU.ActiveCfg = Release|Any CPU
		{9DCEC090-631A-401F-ABDE-54D289B7BAAC}.Release|Any CPU.Build.0 = Release|Any CPU
		{9DCEC090-631A-401F-ABDE-54D289B7BAAC}.Release|x64.ActiveCfg = Release|Any CPU
		{9DCEC090-631A-401F-ABDE-54D289B7BAAC}.Release|x64.Build.0 = Release|Any CPU
		{9DCEC090-631A-401F-ABDE-54D289B7BAAC}.Release|x86.ActiveCfg = Release|Any CPU
		{9DCEC090-631A-401F-ABDE-54D289B7BAAC}.Release|x86.Build.0 = Release|Any CPU
		{38D2BE26-FFAD-4220-943C-1FDE7905967A}.Debug|Any CPU.ActiveCfg = Debug|Any CPU
		{38D2BE26-FFAD-4220-943C-1FDE7905967A}.Debug|Any CPU.Build.0 = Debug|Any CPU
		{38D2BE26-FFAD-4220-943C-1FDE7905967A}.Debug|x64.ActiveCfg = Debug|Any CPU
		{38D2BE26-FFAD-4220-943C-1FDE7905967A}.Debug|x64.Build.0 = Debug|Any CPU
		{38D2BE26-FFAD-4220-943C-1FDE7905967A}.Debug|x86.ActiveCfg = Debug|Any CPU
		{38D2BE26-FFAD-4220-943C-1FDE7905967A}.Debug|x86.Build.0 = Debug|Any CPU
		{38D2BE26-FFAD-4220-943C-1FDE7905967A}.Release|Any CPU.ActiveCfg = Release|Any CPU
		{38D2BE26-FFAD-4220-943C-1FDE7905967A}.Release|Any CPU.Build.0 = Release|Any CPU
		{38D2BE26-FFAD-4220-943C-1FDE7905967A}.Release|x64.ActiveCfg = Release|Any CPU
		{38D2BE26-FFAD-4220-943C-1FDE7905967A}.Release|x64.Build.0 = Release|Any CPU
		{38D2BE26-FFAD-4220-943C-1FDE7905967A}.Release|x86.ActiveCfg = Release|Any CPU
		{38D2BE26-FFAD-4220-943C-1FDE7905967A}.Release|x86.Build.0 = Release|Any CPU
	EndGlobalSection
	GlobalSection(SolutionProperties) = preSolution
		HideSolutionNode = FALSE
	EndGlobalSection
EndGlobal
